// !$*UTF8*$!
{
	archiveVersion = 1;
	classes = {
	};
	objectVersion = 77;
	objects = {

/* Begin PBXBuildFile section */
		B5362D502E9ED63500ECAC27 /* ImageComponent.swift in Sources */ = {isa = PBXBuildFile; fileRef = B5362D4F2E9ED63500ECAC27 /* ImageComponent.swift */; };
		B5362DC12EA1063E00ECAC27 /* AsyncImageComponent.swift in Sources */ = {isa = PBXBuildFile; fileRef = B5362DC02EA1063E00ECAC27 /* AsyncImageComponent.swift */; };
		B53D9DF02E9E971C00F76A27 /* TextComponent.swift in Sources */ = {isa = PBXBuildFile; fileRef = B53D9DEF2E9E971C00F76A27 /* TextComponent.swift */; };
		B53D9DF62E9E97F500F76A27 /* DateFormatter.swift in Sources */ = {isa = PBXBuildFile; fileRef = B53D9DF52E9E97F500F76A27 /* DateFormatter.swift */; };
		B5C364752E98367400FC925E /* ContentView.swift in Sources */ = {isa = PBXBuildFile; fileRef = B5C364722E98367400FC925E /* ContentView.swift */; };
		B5C364762E98367400FC925E /* SwiftUIDocumentApp.swift in Sources */ = {isa = PBXBuildFile; fileRef = B5C364732E98367400FC925E /* SwiftUIDocumentApp.swift */; };
		B5C364772E98367400FC925E /* Assets.xcassets in Resources */ = {isa = PBXBuildFile; fileRef = B5C364712E98367400FC925E /* Assets.xcassets */; };
/* End PBXBuildFile section */

/* Begin PBXContainerItemProxy section */
		B5C364552E98366600FC925E /* PBXContainerItemProxy */ = {
			isa = PBXContainerItemProxy;
			containerPortal = B5C3643F2E98366500FC925E /* Project object */;
			proxyType = 1;
			remoteGlobalIDString = B5C364462E98366500FC925E;
			remoteInfo = SwiftUIDocument;
		};
		B5C3645F2E98366600FC925E /* PBXContainerItemProxy */ = {
			isa = PBXContainerItemProxy;
			containerPortal = B5C3643F2E98366500FC925E /* Project object */;
			proxyType = 1;
			remoteGlobalIDString = B5C364462E98366500FC925E;
			remoteInfo = SwiftUIDocument;
		};
/* End PBXContainerItemProxy section */

/* Begin PBXFileReference section */
		B5362D4F2E9ED63500ECAC27 /* ImageComponent.swift */ = {isa = PBXFileReference; lastKnownFileType = sourcecode.swift; path = ImageComponent.swift; sourceTree = "<group>"; };
		B5362DC02EA1063E00ECAC27 /* AsyncImageComponent.swift */ = {isa = PBXFileReference; lastKnownFileType = sourcecode.swift; path = AsyncImageComponent.swift; sourceTree = "<group>"; };
		B53D9DEF2E9E971C00F76A27 /* TextComponent.swift */ = {isa = PBXFileReference; lastKnownFileType = sourcecode.swift; path = TextComponent.swift; sourceTree = "<group>"; };
		B53D9DF52E9E97F500F76A27 /* DateFormatter.swift */ = {isa = PBXFileReference; lastKnownFileType = sourcecode.swift; path = DateFormatter.swift; sourceTree = "<group>"; };
		B5C364472E98366500FC925E /* SwiftUIDocument.app */ = {isa = PBXFileReference; explicitFileType = wrapper.application; includeInIndex = 0; path = SwiftUIDocument.app; sourceTree = BUILT_PRODUCTS_DIR; };
		B5C364542E98366600FC925E /* SwiftUIDocumentTests.xctest */ = {isa = PBXFileReference; explicitFileType = wrapper.cfbundle; includeInIndex = 0; path = SwiftUIDocumentTests.xctest; sourceTree = BUILT_PRODUCTS_DIR; };
		B5C3645E2E98366600FC925E /* SwiftUIDocumentUITests.xctest */ = {isa = PBXFileReference; explicitFileType = wrapper.cfbundle; includeInIndex = 0; path = SwiftUIDocumentUITests.xctest; sourceTree = BUILT_PRODUCTS_DIR; };
		B5C364712E98367400FC925E /* Assets.xcassets */ = {isa = PBXFileReference; lastKnownFileType = folder.assetcatalog; path = Assets.xcassets; sourceTree = "<group>"; };
		B5C364722E98367400FC925E /* ContentView.swift */ = {isa = PBXFileReference; lastKnownFileType = sourcecode.swift; path = ContentView.swift; sourceTree = "<group>"; };
		B5C364732E98367400FC925E /* SwiftUIDocumentApp.swift */ = {isa = PBXFileReference; lastKnownFileType = sourcecode.swift; path = SwiftUIDocumentApp.swift; sourceTree = "<group>"; };
/* End PBXFileReference section */

/* Begin PBXFileSystemSynchronizedRootGroup section */
		B5C364572E98366600FC925E /* SwiftUIDocumentTests */ = {
			isa = PBXFileSystemSynchronizedRootGroup;
			path = SwiftUIDocumentTests;
			sourceTree = "<group>";
		};
		B5C364612E98366600FC925E /* SwiftUIDocumentUITests */ = {
			isa = PBXFileSystemSynchronizedRootGroup;
			path = SwiftUIDocumentUITests;
			sourceTree = "<group>";
		};
/* End PBXFileSystemSynchronizedRootGroup section */

/* Begin PBXFrameworksBuildPhase section */
		B5C364442E98366500FC925E /* Frameworks */ = {
			isa = PBXFrameworksBuildPhase;
			buildActionMask = 2147483647;
			files = (
			);
			runOnlyForDeploymentPostprocessing = 0;
		};
		B5C364512E98366600FC925E /* Frameworks */ = {
			isa = PBXFrameworksBuildPhase;
			buildActionMask = 2147483647;
			files = (
			);
			runOnlyForDeploymentPostprocessing = 0;
		};
		B5C3645B2E98366600FC925E /* Frameworks */ = {
			isa = PBXFrameworksBuildPhase;
			buildActionMask = 2147483647;
			files = (
			);
			runOnlyForDeploymentPostprocessing = 0;
		};
/* End PBXFrameworksBuildPhase section */

/* Begin PBXGroup section */
		B5362D4D2E9ED60300ECAC27 /* Text */ = {
			isa = PBXGroup;
			children = (
				B53D9DEF2E9E971C00F76A27 /* TextComponent.swift */,
			);
			path = Text;
			sourceTree = "<group>";
		};
		B5362D4E2E9ED61100ECAC27 /* Image */ = {
			isa = PBXGroup;
			children = (
				B5362D4F2E9ED63500ECAC27 /* ImageComponent.swift */,
				B5362DC02EA1063E00ECAC27 /* AsyncImageComponent.swift */,
			);
			path = Image;
			sourceTree = "<group>";
		};
		B53D9DEE2E9E970000F76A27 /* SwiftUIComponent */ = {
			isa = PBXGroup;
			children = (
				B5362D4D2E9ED60300ECAC27 /* Text */,
				B5362D4E2E9ED61100ECAC27 /* Image */,
			);
			path = SwiftUIComponent;
			sourceTree = "<group>";
		};
		B53D9DF42E9E97C000F76A27 /* Swift */ = {
			isa = PBXGroup;
			children = (
				B53D9DF52E9E97F500F76A27 /* DateFormatter.swift */,
			);
			path = Swift;
			sourceTree = "<group>";
		};
		B5C3643E2E98366500FC925E = {
			isa = PBXGroup;
			children = (
				B5C364742E98367400FC925E /* SwiftUIDocument */,
				B5C364572E98366600FC925E /* SwiftUIDocumentTests */,
				B5C364612E98366600FC925E /* SwiftUIDocumentUITests */,
				B5C364482E98366500FC925E /* Products */,
			);
			sourceTree = "<group>";
		};
		B5C364482E98366500FC925E /* Products */ = {
			isa = PBXGroup;
			children = (
				B5C364472E98366500FC925E /* SwiftUIDocument.app */,
				B5C364542E98366600FC925E /* SwiftUIDocumentTests.xctest */,
				B5C3645E2E98366600FC925E /* SwiftUIDocumentUITests.xctest */,
			);
			name = Products;
			sourceTree = "<group>";
		};
		B5C364742E98367400FC925E /* SwiftUIDocument */ = {
			isa = PBXGroup;
			children = (
				B53D9DF42E9E97C000F76A27 /* Swift */,
				B53D9DEE2E9E970000F76A27 /* SwiftUIComponent */,
				B5C364712E98367400FC925E /* Assets.xcassets */,
				B5C364722E98367400FC925E /* ContentView.swift */,
				B5C364732E98367400FC925E /* SwiftUIDocumentApp.swift */,
			);
			path = SwiftUIDocument;
			sourceTree = "<group>";
		};
/* End PBXGroup section */

/* Begin PBXNativeTarget section */
		B5C364462E98366500FC925E /* SwiftUIDocument */ = {
			isa = PBXNativeTarget;
			buildConfigurationList = B5C364682E98366600FC925E /* Build configuration list for PBXNativeTarget "SwiftUIDocument" */;
			buildPhases = (
				B5C364432E98366500FC925E /* Sources */,
				B5C364442E98366500FC925E /* Frameworks */,
				B5C364452E98366500FC925E /* Resources */,
			);
			buildRules = (
			);
			dependencies = (
			);
			name = SwiftUIDocument;
			packageProductDependencies = (
			);
			productName = SwiftUIDocument;
			productReference = B5C364472E98366500FC925E /* SwiftUIDocument.app */;
			productType = "com.apple.product-type.application";
		};
		B5C364532E98366600FC925E /* SwiftUIDocumentTests */ = {
			isa = PBXNativeTarget;
			buildConfigurationList = B5C3646B2E98366600FC925E /* Build configuration list for PBXNativeTarget "SwiftUIDocumentTests" */;
			buildPhases = (
				B5C364502E98366600FC925E /* Sources */,
				B5C364512E98366600FC925E /* Frameworks */,
				B5C364522E98366600FC925E /* Resources */,
			);
			buildRules = (
			);
			dependencies = (
				B5C364562E98366600FC925E /* PBXTargetDependency */,
			);
			fileSystemSynchronizedGroups = (
				B5C364572E98366600FC925E /* SwiftUIDocumentTests */,
			);
			name = SwiftUIDocumentTests;
			packageProductDependencies = (
			);
			productName = SwiftUIDocumentTests;
			productReference = B5C364542E98366600FC925E /* SwiftUIDocumentTests.xctest */;
			productType = "com.apple.product-type.bundle.unit-test";
		};
		B5C3645D2E98366600FC925E /* SwiftUIDocumentUITests */ = {
			isa = PBXNativeTarget;
			buildConfigurationList = B5C3646E2E98366600FC925E /* Build configuration list for PBXNativeTarget "SwiftUIDocumentUITests" */;
			buildPhases = (
				B5C3645A2E98366600FC925E /* Sources */,
				B5C3645B2E98366600FC925E /* Frameworks */,
				B5C3645C2E98366600FC925E /* Resources */,
			);
			buildRules = (
			);
			dependencies = (
				B5C364602E98366600FC925E /* PBXTargetDependency */,
			);
			fileSystemSynchronizedGroups = (
				B5C364612E98366600FC925E /* SwiftUIDocumentUITests */,
			);
			name = SwiftUIDocumentUITests;
			packageProductDependencies = (
			);
			productName = SwiftUIDocumentUITests;
			productReference = B5C3645E2E98366600FC925E /* SwiftUIDocumentUITests.xctest */;
			productType = "com.apple.product-type.bundle.ui-testing";
		};
/* End PBXNativeTarget section */

/* Begin PBXProject section */
		B5C3643F2E98366500FC925E /* Project object */ = {
			isa = PBXProject;
			attributes = {
				BuildIndependentTargetsInParallel = 1;
				LastSwiftUpdateCheck = 2600;
				LastUpgradeCheck = 2600;
				TargetAttributes = {
					B5C364462E98366500FC925E = {
						CreatedOnToolsVersion = 26.0.1;
					};
					B5C364532E98366600FC925E = {
						CreatedOnToolsVersion = 26.0.1;
						TestTargetID = B5C364462E98366500FC925E;
					};
					B5C3645D2E98366600FC925E = {
						CreatedOnToolsVersion = 26.0.1;
						TestTargetID = B5C364462E98366500FC925E;
					};
				};
			};
			buildConfigurationList = B5C364422E98366500FC925E /* Build configuration list for PBXProject "SwiftUIDocument" */;
			developmentRegion = en;
			hasScannedForEncodings = 0;
			knownRegions = (
				en,
				Base,
			);
			mainGroup = B5C3643E2E98366500FC925E;
			minimizedProjectReferenceProxies = 1;
			preferredProjectObjectVersion = 77;
			productRefGroup = B5C364482E98366500FC925E /* Products */;
			projectDirPath = "";
			projectRoot = "";
			targets = (
				B5C364462E98366500FC925E /* SwiftUIDocument */,
				B5C364532E98366600FC925E /* SwiftUIDocumentTests */,
				B5C3645D2E98366600FC925E /* SwiftUIDocumentUITests */,
			);
		};
/* End PBXProject section */

/* Begin PBXResourcesBuildPhase section */
		B5C364452E98366500FC925E /* Resources */ = {
			isa = PBXResourcesBuildPhase;
			buildActionMask = 2147483647;
			files = (
				B5C364772E98367400FC925E /* Assets.xcassets in Resources */,
			);
			runOnlyForDeploymentPostprocessing = 0;
		};
		B5C364522E98366600FC925E /* Resources */ = {
			isa = PBXResourcesBuildPhase;
			buildActionMask = 2147483647;
			files = (
			);
			runOnlyForDeploymentPostprocessing = 0;
		};
		B5C3645C2E98366600FC925E /* Resources */ = {
			isa = PBXResourcesBuildPhase;
			buildActionMask = 2147483647;
			files = (
			);
			runOnlyForDeploymentPostprocessing = 0;
		};
/* End PBXResourcesBuildPhase section */

/* Begin PBXSourcesBuildPhase section */
		B5C364432E98366500FC925E /* Sources */ = {
			isa = PBXSourcesBuildPhase;
			buildActionMask = 2147483647;
			files = (
				B5362DC12EA1063E00ECAC27 /* AsyncImageComponent.swift in Sources */,
				B53D9DF62E9E97F500F76A27 /* DateFormatter.swift in Sources */,
				B53D9DF02E9E971C00F76A27 /* TextComponent.swift in Sources */,
				B5C364752E98367400FC925E /* ContentView.swift in Sources */,
				B5362D502E9ED63500ECAC27 /* ImageComponent.swift in Sources */,
				B5C364762E98367400FC925E /* SwiftUIDocumentApp.swift in Sources */,
			);
			runOnlyForDeploymentPostprocessing = 0;
		};
		B5C364502E98366600FC925E /* Sources */ = {
			isa = PBXSourcesBuildPhase;
			buildActionMask = 2147483647;
			files = (
			);
			runOnlyForDeploymentPostprocessing = 0;
		};
		B5C3645A2E98366600FC925E /* Sources */ = {
			isa = PBXSourcesBuildPhase;
			buildActionMask = 2147483647;
			files = (
			);
			runOnlyForDeploymentPostprocessing = 0;
		};
/* End PBXSourcesBuildPhase section */

/* Begin PBXTargetDependency section */
		B5C364562E98366600FC925E /* PBXTargetDependency */ = {
			isa = PBXTargetDependency;
			target = B5C364462E98366500FC925E /* SwiftUIDocument */;
			targetProxy = B5C364552E98366600FC925E /* PBXContainerItemProxy */;
		};
		B5C364602E98366600FC925E /* PBXTargetDependency */ = {
			isa = PBXTargetDependency;
			target = B5C364462E98366500FC925E /* SwiftUIDocument */;
			targetProxy = B5C3645F2E98366600FC925E /* PBXContainerItemProxy */;
		};
/* End PBXTargetDependency section */

/* Begin XCBuildConfiguration section */
		B5C364662E98366600FC925E /* Debug */ = {
			isa = XCBuildConfiguration;
			buildSettings = {
				ALWAYS_SEARCH_USER_PATHS = NO;
				ASSETCATALOG_COMPILER_GENERATE_SWIFT_ASSET_SYMBOL_EXTENSIONS = YES;
				CLANG_ANALYZER_NONNULL = YES;
				CLANG_ANALYZER_NUMBER_OBJECT_CONVERSION = YES_AGGRESSIVE;
				CLANG_CXX_LANGUAGE_STANDARD = "gnu++20";
				CLANG_ENABLE_MODULES = YES;
				CLANG_ENABLE_OBJC_ARC = YES;
				CLANG_ENABLE_OBJC_WEAK = YES;
				CLANG_WARN_BLOCK_CAPTURE_AUTORELEASING = YES;
				CLANG_WARN_BOOL_CONVERSION = YES;
				CLANG_WARN_COMMA = YES;
				CLANG_WARN_CONSTANT_CONVERSION = YES;
				CLANG_WARN_DEPRECATED_OBJC_IMPLEMENTATIONS = YES;
				CLANG_WARN_DIRECT_OBJC_ISA_USAGE = YES_ERROR;
				CLANG_WARN_DOCUMENTATION_COMMENTS = YES;
				CLANG_WARN_EMPTY_BODY = YES;
				CLANG_WARN_ENUM_CONVERSION = YES;
				CLANG_WARN_INFINITE_RECURSION = YES;
				CLANG_WARN_INT_CONVERSION = YES;
				CLANG_WARN_NON_LITERAL_NULL_CONVERSION = YES;
				CLANG_WARN_OBJC_IMPLICIT_RETAIN_SELF = YES;
				CLANG_WARN_OBJC_LITERAL_CONVERSION = YES;
				CLANG_WARN_OBJC_ROOT_CLASS = YES_ERROR;
				CLANG_WARN_QUOTED_INCLUDE_IN_FRAMEWORK_HEADER = YES;
				CLANG_WARN_RANGE_LOOP_ANALYSIS = YES;
				CLANG_WARN_STRICT_PROTOTYPES = YES;
				CLANG_WARN_SUSPICIOUS_MOVE = YES;
				CLANG_WARN_UNGUARDED_AVAILABILITY = YES_AGGRESSIVE;
				CLANG_WARN_UNREACHABLE_CODE = YES;
				CLANG_WARN__DUPLICATE_METHOD_MATCH = YES;
				COPY_PHASE_STRIP = NO;
				DEBUG_INFORMATION_FORMAT = dwarf;
				DEVELOPMENT_TEAM = UCWR6AW3FG;
				ENABLE_STRICT_OBJC_MSGSEND = YES;
				ENABLE_TESTABILITY = YES;
				ENABLE_USER_SCRIPT_SANDBOXING = YES;
				GCC_C_LANGUAGE_STANDARD = gnu17;
				GCC_DYNAMIC_NO_PIC = NO;
				GCC_NO_COMMON_BLOCKS = YES;
				GCC_OPTIMIZATION_LEVEL = 0;
				GCC_PREPROCESSOR_DEFINITIONS = (
					"DEBUG=1",
					"$(inherited)",
				);
				GCC_WARN_64_TO_32_BIT_CONVERSION = YES;
				GCC_WARN_ABOUT_RETURN_TYPE = YES_ERROR;
				GCC_WARN_UNDECLARED_SELECTOR = YES;
				GCC_WARN_UNINITIALIZED_AUTOS = YES_AGGRESSIVE;
				GCC_WARN_UNUSED_FUNCTION = YES;
				GCC_WARN_UNUSED_VARIABLE = YES;
				IPHONEOS_DEPLOYMENT_TARGET = 26.0;
				LOCALIZATION_PREFERS_STRING_CATALOGS = YES;
				MTL_ENABLE_DEBUG_INFO = INCLUDE_SOURCE;
				MTL_FAST_MATH = YES;
				ONLY_ACTIVE_ARCH = YES;
				SDKROOT = iphoneos;
				SWIFT_ACTIVE_COMPILATION_CONDITIONS = "DEBUG $(inherited)";
				SWIFT_OPTIMIZATION_LEVEL = "-Onone";
			};
			name = Debug;
		};
		B5C364672E98366600FC925E /* Release */ = {
			isa = XCBuildConfiguration;
			buildSettings = {
				ALWAYS_SEARCH_USER_PATHS = NO;
				ASSETCATALOG_COMPILER_GENERATE_SWIFT_ASSET_SYMBOL_EXTENSIONS = YES;
				CLANG_ANALYZER_NONNULL = YES;
				CLANG_ANALYZER_NUMBER_OBJECT_CONVERSION = YES_AGGRESSIVE;
				CLANG_CXX_LANGUAGE_STANDARD = "gnu++20";
				CLANG_ENABLE_MODULES = YES;
				CLANG_ENABLE_OBJC_ARC = YES;
				CLANG_ENABLE_OBJC_WEAK = YES;
				CLANG_WARN_BLOCK_CAPTURE_AUTORELEASING = YES;
				CLANG_WARN_BOOL_CONVERSION = YES;
				CLANG_WARN_COMMA = YES;
				CLANG_WARN_CONSTANT_CONVERSION = YES;
				CLANG_WARN_DEPRECATED_OBJC_IMPLEMENTATIONS = YES;
				CLANG_WARN_DIRECT_OBJC_ISA_USAGE = YES_ERROR;
				CLANG_WARN_DOCUMENTATION_COMMENTS = YES;
				CLANG_WARN_EMPTY_BODY = YES;
				CLANG_WARN_ENUM_CONVERSION = YES;
				CLANG_WARN_INFINITE_RECURSION = YES;
				CLANG_WARN_INT_CONVERSION = YES;
				CLANG_WARN_NON_LITERAL_NULL_CONVERSION = YES;
				CLANG_WARN_OBJC_IMPLICIT_RETAIN_SELF = YES;
				CLANG_WARN_OBJC_LITERAL_CONVERSION = YES;
				CLANG_WARN_OBJC_ROOT_CLASS = YES_ERROR;
				CLANG_WARN_QUOTED_INCLUDE_IN_FRAMEWORK_HEADER = YES;
				CLANG_WARN_RANGE_LOOP_ANALYSIS = YES;
				CLANG_WARN_STRICT_PROTOTYPES = YES;
				CLANG_WARN_SUSPICIOUS_MOVE = YES;
				CLANG_WARN_UNGUARDED_AVAILABILITY = YES_AGGRESSIVE;
				CLANG_WARN_UNREACHABLE_CODE = YES;
				CLANG_WARN__DUPLICATE_METHOD_MATCH = YES;
				COPY_PHASE_STRIP = NO;
				DEBUG_INFORMATION_FORMAT = "dwarf-with-dsym";
				DEVELOPMENT_TEAM = UCWR6AW3FG;
				ENABLE_NS_ASSERTIONS = NO;
				ENABLE_STRICT_OBJC_MSGSEND = YES;
				ENABLE_USER_SCRIPT_SANDBOXING = YES;
				GCC_C_LANGUAGE_STANDARD = gnu17;
				GCC_NO_COMMON_BLOCKS = YES;
				GCC_WARN_64_TO_32_BIT_CONVERSION = YES;
				GCC_WARN_ABOUT_RETURN_TYPE = YES_ERROR;
				GCC_WARN_UNDECLARED_SELECTOR = YES;
				GCC_WARN_UNINITIALIZED_AUTOS = YES_AGGRESSIVE;
				GCC_WARN_UNUSED_FUNCTION = YES;
				GCC_WARN_UNUSED_VARIABLE = YES;
				IPHONEOS_DEPLOYMENT_TARGET = 26.0;
				LOCALIZATION_PREFERS_STRING_CATALOGS = YES;
				MTL_ENABLE_DEBUG_INFO = NO;
				MTL_FAST_MATH = YES;
				SDKROOT = iphoneos;
				SWIFT_COMPILATION_MODE = wholemodule;
				VALIDATE_PRODUCT = YES;
			};
			name = Release;
		};
		B5C364692E98366600FC925E /* Debug */ = {
			isa = XCBuildConfiguration;
			buildSettings = {
				ASSETCATALOG_COMPILER_APPICON_NAME = AppIcon;
				ASSETCATALOG_COMPILER_GLOBAL_ACCENT_COLOR_NAME = AccentColor;
				CODE_SIGN_STYLE = Automatic;
				CURRENT_PROJECT_VERSION = 1;
				DEVELOPMENT_TEAM = UCWR6AW3FG;
				ENABLE_PREVIEWS = YES;
				GENERATE_INFOPLIST_FILE = YES;
				INFOPLIST_KEY_UIApplicationSceneManifest_Generation = YES;
				INFOPLIST_KEY_UIApplicationSupportsIndirectInputEvents = YES;
				INFOPLIST_KEY_UILaunchScreen_Generation = YES;
				INFOPLIST_KEY_UISupportedInterfaceOrientations_iPad = "UIInterfaceOrientationPortrait UIInterfaceOrientationPortraitUpsideDown UIInterfaceOrientationLandscapeLeft UIInterfaceOrientationLandscapeRight";
				INFOPLIST_KEY_UISupportedInterfaceOrientations_iPhone = "UIInterfaceOrientationPortrait UIInterfaceOrientationLandscapeLeft UIInterfaceOrientationLandscapeRight";
				LD_RUNPATH_SEARCH_PATHS = (
					"$(inherited)",
					"@executable_path/Frameworks",
				);
				MARKETING_VERSION = 1.0;
				PRODUCT_BUNDLE_IDENTIFIER = com.Dev.iOS.Lucid.SwiftUIDocument;
				PRODUCT_NAME = "$(TARGET_NAME)";
				STRING_CATALOG_GENERATE_SYMBOLS = YES;
				SWIFT_APPROACHABLE_CONCURRENCY = YES;
				SWIFT_DEFAULT_ACTOR_ISOLATION = MainActor;
				SWIFT_EMIT_LOC_STRINGS = YES;
				SWIFT_UPCOMING_FEATURE_MEMBER_IMPORT_VISIBILITY = YES;
				SWIFT_VERSION = 5.0;
				TARGETED_DEVICE_FAMILY = "1,2";
			};
			name = Debug;
		};
		B5C3646A2E98366600FC925E /* Release */ = {
			isa = XCBuildConfiguration;
			buildSettings = {
				ASSETCATALOG_COMPILER_APPICON_NAME = AppIcon;
				ASSETCATALOG_COMPILER_GLOBAL_ACCENT_COLOR_NAME = AccentColor;
				CODE_SIGN_STYLE = Automatic;
				CURRENT_PROJECT_VERSION = 1;
				DEVELOPMENT_TEAM = UCWR6AW3FG;
				ENABLE_PREVIEWS = YES;
				GENERATE_INFOPLIST_FILE = YES;
				INFOPLIST_KEY_UIApplicationSceneManifest_Generation = YES;
				INFOPLIST_KEY_UIApplicationSupportsIndirectInputEvents = YES;
				INFOPLIST_KEY_UILaunchScreen_Generation = YES;
				INFOPLIST_KEY_UISupportedInterfaceOrientations_iPad = "UIInterfaceOrientationPortrait UIInterfaceOrientationPortraitUpsideDown UIInterfaceOrientationLandscapeLeft UIInterfaceOrientationLandscapeRight";
				INFOPLIST_KEY_UISupportedInterfaceOrientations_iPhone = "UIInterfaceOrientationPortrait UIInterfaceOrientationLandscapeLeft UIInterfaceOrientationLandscapeRight";
				LD_RUNPATH_SEARCH_PATHS = (
					"$(inherited)",
					"@executable_path/Frameworks",
				);
				MARKETING_VERSION = 1.0;
				PRODUCT_BUNDLE_IDENTIFIER = com.Dev.iOS.Lucid.SwiftUIDocument;
				PRODUCT_NAME = "$(TARGET_NAME)";
				STRING_CATALOG_GENERATE_SYMBOLS = YES;
				SWIFT_APPROACHABLE_CONCURRENCY = YES;
				SWIFT_DEFAULT_ACTOR_ISOLATION = MainActor;
				SWIFT_EMIT_LOC_STRINGS = YES;
				SWIFT_UPCOMING_FEATURE_MEMBER_IMPORT_VISIBILITY = YES;
				SWIFT_VERSION = 5.0;
				TARGETED_DEVICE_FAMILY = "1,2";
			};
			name = Release;
		};
		B5C3646C2E98366600FC925E /* Debug */ = {
			isa = XCBuildConfiguration;
			buildSettings = {
				BUNDLE_LOADER = "$(TEST_HOST)";
				CODE_SIGN_STYLE = Automatic;
				CURRENT_PROJECT_VERSION = 1;
				DEVELOPMENT_TEAM = UCWR6AW3FG;
				GENERATE_INFOPLIST_FILE = YES;
				IPHONEOS_DEPLOYMENT_TARGET = 26.0;
				MARKETING_VERSION = 1.0;
				PRODUCT_BUNDLE_IDENTIFIER = com.Dev.iOS.Lucid.SwiftUIDocumentTests;
				PRODUCT_NAME = "$(TARGET_NAME)";
				STRING_CATALOG_GENERATE_SYMBOLS = NO;
				SWIFT_APPROACHABLE_CONCURRENCY = YES;
				SWIFT_EMIT_LOC_STRINGS = NO;
				SWIFT_UPCOMING_FEATURE_MEMBER_IMPORT_VISIBILITY = YES;
				SWIFT_VERSION = 5.0;
				TARGETED_DEVICE_FAMILY = "1,2";
				TEST_HOST = "$(BUILT_PRODUCTS_DIR)/SwiftUIDocument.app/$(BUNDLE_EXECUTABLE_FOLDER_PATH)/SwiftUIDocument";
			};
			name = Debug;
		};
		B5C3646D2E98366600FC925E /* Release */ = {
			isa = XCBuildConfiguration;
			buildSettings = {
				BUNDLE_LOADER = "$(TEST_HOST)";
				CODE_SIGN_STYLE = Automatic;
				CURRENT_PROJECT_VERSION = 1;
				DEVELOPMENT_TEAM = UCWR6AW3FG;
				GENERATE_INFOPLIST_FILE = YES;
				IPHONEOS_DEPLOYMENT_TARGET = 26.0;
				MARKETING_VERSION = 1.0;
				PRODUCT_BUNDLE_IDENTIFIER = com.Dev.iOS.Lucid.SwiftUIDocumentTests;
				PRODUCT_NAME = "$(TARGET_NAME)";
				STRING_CATALOG_GENERATE_SYMBOLS = NO;
				SWIFT_APPROACHABLE_CONCURRENCY = YES;
				SWIFT_EMIT_LOC_STRINGS = NO;
				SWIFT_UPCOMING_FEATURE_MEMBER_IMPORT_VISIBILITY = YES;
				SWIFT_VERSION = 5.0;
				TARGETED_DEVICE_FAMILY = "1,2";
				TEST_HOST = "$(BUILT_PRODUCTS_DIR)/SwiftUIDocument.app/$(BUNDLE_EXECUTABLE_FOLDER_PATH)/SwiftUIDocument";
			};
			name = Release;
		};
		B5C3646F2E98366600FC925E /* Debug */ = {
			isa = XCBuildConfiguration;
			buildSettings = {
				CODE_SIGN_STYLE = Automatic;
				CURRENT_PROJECT_VERSION = 1;
				DEVELOPMENT_TEAM = UCWR6AW3FG;
				GENERATE_INFOPLIST_FILE = YES;
				MARKETING_VERSION = 1.0;
				PRODUCT_BUNDLE_IDENTIFIER = com.Dev.iOS.Lucid.SwiftUIDocumentUITests;
				PRODUCT_NAME = "$(TARGET_NAME)";
				STRING_CATALOG_GENERATE_SYMBOLS = NO;
				SWIFT_APPROACHABLE_CONCURRENCY = YES;
				SWIFT_EMIT_LOC_STRINGS = NO;
				SWIFT_UPCOMING_FEATURE_MEMBER_IMPORT_VISIBILITY = YES;
				SWIFT_VERSION = 5.0;
				TARGETED_DEVICE_FAMILY = "1,2";
				TEST_TARGET_NAME = SwiftUIDocument;
			};
			name = Debug;
		};
		B5C364702E98366600FC925E /* Release */ = {
			isa = XCBuildConfiguration;
			buildSettings = {
				CODE_SIGN_STYLE = Automatic;
				CURRENT_PROJECT_VERSION = 1;
				DEVELOPMENT_TEAM = UCWR6AW3FG;
				GENERATE_INFOPLIST_FILE = YES;
				MARKETING_VERSION = 1.0;
				PRODUCT_BUNDLE_IDENTIFIER = com.Dev.iOS.Lucid.SwiftUIDocumentUITests;
				PRODUCT_NAME = "$(TARGET_NAME)";
				STRING_CATALOG_GENERATE_SYMBOLS = NO;
				SWIFT_APPROACHABLE_CONCURRENCY = YES;
				SWIFT_EMIT_LOC_STRINGS = NO;
				SWIFT_UPCOMING_FEATURE_MEMBER_IMPORT_VISIBILITY = YES;
				SWIFT_VERSION = 5.0;
				TARGETED_DEVICE_FAMILY = "1,2";
				TEST_TARGET_NAME = SwiftUIDocument;
			};
			name = Release;
		};
/* End XCBuildConfiguration section */

/* Begin XCConfigurationList section */
		B5C364422E98366500FC925E /* Build configuration list for PBXProject "SwiftUIDocument" */ = {
			isa = XCConfigurationList;
			buildConfigurations = (
				B5C364662E98366600FC925E /* Debug */,
				B5C364672E98366600FC925E /* Release */,
			);
			defaultConfigurationIsVisible = 0;
			defaultConfigurationName = Release;
		};
		B5C364682E98366600FC925E /* Build configuration list for PBXNativeTarget "SwiftUIDocument" */ = {
			isa = XCConfigurationList;
			buildConfigurations = (
				B5C364692E98366600FC925E /* Debug */,
				B5C3646A2E98366600FC925E /* Release */,
			);
			defaultConfigurationIsVisible = 0;
			defaultConfigurationName = Release;
		};
		B5C3646B2E98366600FC925E /* Build configuration list for PBXNativeTarget "SwiftUIDocumentTests" */ = {
			isa = XCConfigurationList;
			buildConfigurations = (
				B5C3646C2E98366600FC925E /* Debug */,
				B5C3646D2E98366600FC925E /* Release */,
			);
			defaultConfigurationIsVisible = 0;
			defaultConfigurationName = Release;
		};
		B5C3646E2E98366600FC925E /* Build configuration list for PBXNativeTarget "SwiftUIDocumentUITests" */ = {
			isa = XCConfigurationList;
			buildConfigurations = (
				B5C3646F2E98366600FC925E /* Debug */,
				B5C364702E98366600FC925E /* Release */,
			);
			defaultConfigurationIsVisible = 0;
			defaultConfigurationName = Release;
		};
/* End XCConfigurationList section */
	};
	rootObject = B5C3643F2E98366500FC925E /* Project object */;
}
